// !$*UTF8*$!
{
	archiveVersion = 1;
	classes = {
	};
	objectVersion = 56;
	objects = {

/* Begin PBXFileReference section */
		F666EB492BC7B92B006D1D93 /* 겹치는선분의길이.swift */ = {isa = PBXFileReference; lastKnownFileType = sourcecode.swift; path = "겹치는선분의길이.swift"; sourceTree = "<group>"; };
		F666EB4C2BC8F47D006D1D93 /* 추억점수.swift */ = {isa = PBXFileReference; lastKnownFileType = sourcecode.swift; path = "추억점수.swift"; sourceTree = "<group>"; };
		F666EB4D2BC9A253006D1D93 /* 카드뭉치.swift */ = {isa = PBXFileReference; lastKnownFileType = sourcecode.swift; path = "카드뭉치.swift"; sourceTree = "<group>"; };
		F666EB4E2BCC3F05006D1D93 /* 옹알이.swift */ = {isa = PBXFileReference; lastKnownFileType = sourcecode.swift; path = "옹알이.swift"; sourceTree = "<group>"; };
		F666EB4F2BCD6D13006D1D93 /* 최소직사각형.swift */ = {isa = PBXFileReference; lastKnownFileType = sourcecode.swift; path = "최소직사각형.swift"; sourceTree = "<group>"; };
/* End PBXFileReference section */

/* Begin PBXGroup section */
		F666EB422BC7B8F2006D1D93 = {
			isa = PBXGroup;
			children = (
				F666EB4B2BC8F472006D1D93 /* lv1 */,
				F666EB4A2BC8F469006D1D93 /* lv0 */,
			);
			sourceTree = "<group>";
		};
		F666EB4A2BC8F469006D1D93 /* lv0 */ = {
			isa = PBXGroup;
			children = (
				F666EB492BC7B92B006D1D93 /* 겹치는선분의길이.swift */,
				F666EB4E2BCC3F05006D1D93 /* 옹알이.swift */,
			);
			path = lv0;
			sourceTree = "<group>";
		};
		F666EB4B2BC8F472006D1D93 /* lv1 */ = {
			isa = PBXGroup;
			children = (
				F666EB4C2BC8F47D006D1D93 /* 추억점수.swift */,
				F666EB4D2BC9A253006D1D93 /* 카드뭉치.swift */,
				F666EB4F2BCD6D13006D1D93 /* 최소직사각형.swift */,
			);
			path = lv1;
			sourceTree = "<group>";
		};
/* End PBXGroup section */

/* Begin PBXProject section */
		F666EB432BC7B8F2006D1D93 /* Project object */ = {
			isa = PBXProject;
			attributes = {
				BuildIndependentTargetsInParallel = 1;
				LastUpgradeCheck = 1530;
			};
			buildConfigurationList = F666EB462BC7B8F2006D1D93 /* Build configuration list for PBXProject "Algorithm" */;
			compatibilityVersion = "Xcode 14.0";
			developmentRegion = en;
			hasScannedForEncodings = 0;
			knownRegions = (
				en,
				Base,
			);
			mainGroup = F666EB422BC7B8F2006D1D93;
			projectDirPath = "";
			projectRoot = "";
			targets = (
			);
		};
/* End PBXProject section */

/* Begin XCBuildConfiguration section */
		F666EB472BC7B8F2006D1D93 /* Debug */ = {
			isa = XCBuildConfiguration;
			buildSettings = {
			};
			name = Debug;
		};
		F666EB482BC7B8F2006D1D93 /* Release */ = {
			isa = XCBuildConfiguration;
			buildSettings = {
			};
			name = Release;
		};
/* End XCBuildConfiguration section */

/* Begin XCConfigurationList section */
		F666EB462BC7B8F2006D1D93 /* Build configuration list for PBXProject "Algorithm" */ = {
			isa = XCConfigurationList;
			buildConfigurations = (
				F666EB472BC7B8F2006D1D93 /* Debug */,
				F666EB482BC7B8F2006D1D93 /* Release */,
			);
			defaultConfigurationIsVisible = 0;
			defaultConfigurationName = Release;
		};
/* End XCConfigurationList section */
	};
	rootObject = F666EB432BC7B8F2006D1D93 /* Project object */;
}
