// !$*UTF8*$!
{
	archiveVersion = 1;
	classes = {
	};
	objectVersion = 56;
	objects = {

/* Begin PBXFileReference section */
		F666EB492BC7B92B006D1D93 /* 겹치는선분의길이.swift */ = {isa = PBXFileReference; lastKnownFileType = sourcecode.swift; path = "겹치는선분의길이.swift"; sourceTree = "<group>"; };
		F666EB4C2BC8F47D006D1D93 /* 추억점수.swift */ = {isa = PBXFileReference; lastKnownFileType = sourcecode.swift; path = "추억점수.swift"; sourceTree = "<group>"; };
		F666EB4D2BC9A253006D1D93 /* 카드뭉치.swift */ = {isa = PBXFileReference; lastKnownFileType = sourcecode.swift; path = "카드뭉치.swift"; sourceTree = "<group>"; };
		F666EB4E2BCC3F05006D1D93 /* 옹알이.swift */ = {isa = PBXFileReference; lastKnownFileType = sourcecode.swift; path = "옹알이.swift"; sourceTree = "<group>"; };
		F666EB4F2BCD6D13006D1D93 /* 최소직사각형.swift */ = {isa = PBXFileReference; lastKnownFileType = sourcecode.swift; path = "최소직사각형.swift"; sourceTree = "<group>"; };
		F666EB502BCEC217006D1D93 /* 기사단원의 무기.swift */ = {isa = PBXFileReference; lastKnownFileType = sourcecode.swift; path = "기사단원의 무기.swift"; sourceTree = "<group>"; };
		F6736FCC2BCFCDF400675B76 /* 체육복.swift */ = {isa = PBXFileReference; lastKnownFileType = sourcecode.swift; path = "체육복.swift"; sourceTree = "<group>"; };
		F6736FCD2BD0147E00675B76 /* 3진법 뒤집기.swift */ = {isa = PBXFileReference; lastKnownFileType = sourcecode.swift; path = "3진법 뒤집기.swift"; sourceTree = "<group>"; };
		F6736FCE2BD258AA00675B76 /* 푸드파이트 대회.swift */ = {isa = PBXFileReference; lastKnownFileType = sourcecode.swift; path = "푸드파이트 대회.swift"; sourceTree = "<group>"; };
		F6736FCF2BD38B8500675B76 /* 햄버거 만들기.swift */ = {isa = PBXFileReference; lastKnownFileType = sourcecode.swift; path = "햄버거 만들기.swift"; sourceTree = "<group>"; };
		F6736FD22BD575F100675B76 /* 키패드 누르기.swift */ = {isa = PBXFileReference; lastKnownFileType = sourcecode.swift; path = "키패드 누르기.swift"; sourceTree = "<group>"; };
		F6736FD32BD63AD000675B76 /* 덧칠하기.swift */ = {isa = PBXFileReference; lastKnownFileType = sourcecode.swift; path = "덧칠하기.swift"; sourceTree = "<group>"; };
		F6736FD42BD788F200675B76 /* 둘만의 암호.swift */ = {isa = PBXFileReference; lastKnownFileType = sourcecode.swift; path = "둘만의 암호.swift"; sourceTree = "<group>"; };
		F6736FD52BD8CE3E00675B76 /* 모의고사.swift */ = {isa = PBXFileReference; lastKnownFileType = sourcecode.swift; path = "모의고사.swift"; sourceTree = "<group>"; };
		F6736FD62BD9FFEC00675B76 /* 실패율.swift */ = {isa = PBXFileReference; lastKnownFileType = sourcecode.swift; path = "실패율.swift"; sourceTree = "<group>"; };
		F69B13202BDD569A00EB08B2 /* 연속 부분 수열 합의 개수.swift */ = {isa = PBXFileReference; lastKnownFileType = sourcecode.swift; path = "연속 부분 수열 합의 개수.swift"; sourceTree = "<group>"; };
		F69B13212BDD569A00EB08B2 /* n진수 게임.swift */ = {isa = PBXFileReference; lastKnownFileType = sourcecode.swift; path = "n진수 게임.swift"; sourceTree = "<group>"; };
		F69B13222BDD56B700EB08B2 /* 두 원 사이에 정수 쌍.swift */ = {isa = PBXFileReference; lastKnownFileType = sourcecode.swift; path = "두 원 사이에 정수 쌍.swift"; sourceTree = "<group>"; };
		F69B13232BDF348400EB08B2 /* k번째수.swift */ = {isa = PBXFileReference; lastKnownFileType = sourcecode.swift; path = "k번째수.swift"; sourceTree = "<group>"; };
/* End PBXFileReference section */

/* Begin PBXGroup section */
		F666EB422BC7B8F2006D1D93 = {
			isa = PBXGroup;
			children = (
				F69B131D2BDD566700EB08B2 /* lv2 */,
				F666EB4B2BC8F472006D1D93 /* lv1 */,
				F666EB4A2BC8F469006D1D93 /* lv0 */,
			);
			sourceTree = "<group>";
		};
		F666EB4A2BC8F469006D1D93 /* lv0 */ = {
			isa = PBXGroup;
			children = (
				F666EB492BC7B92B006D1D93 /* 겹치는선분의길이.swift */,
				F666EB4E2BCC3F05006D1D93 /* 옹알이.swift */,
			);
			path = lv0;
			sourceTree = "<group>";
		};
		F666EB4B2BC8F472006D1D93 /* lv1 */ = {
			isa = PBXGroup;
			children = (
				F6736FCC2BCFCDF400675B76 /* 체육복.swift */,
				F666EB4C2BC8F47D006D1D93 /* 추억점수.swift */,
				F666EB4D2BC9A253006D1D93 /* 카드뭉치.swift */,
				F666EB4F2BCD6D13006D1D93 /* 최소직사각형.swift */,
				F666EB502BCEC217006D1D93 /* 기사단원의 무기.swift */,
				F6736FCD2BD0147E00675B76 /* 3진법 뒤집기.swift */,
				F6736FCE2BD258AA00675B76 /* 푸드파이트 대회.swift */,
				F6736FCF2BD38B8500675B76 /* 햄버거 만들기.swift */,
				F6736FD22BD575F100675B76 /* 키패드 누르기.swift */,
				F6736FD32BD63AD000675B76 /* 덧칠하기.swift */,
				F6736FD42BD788F200675B76 /* 둘만의 암호.swift */,
				F6736FD52BD8CE3E00675B76 /* 모의고사.swift */,
				F6736FD62BD9FFEC00675B76 /* 실패율.swift */,
				F69B13232BDF348400EB08B2 /* k번째수.swift */,
			);
			path = lv1;
			sourceTree = "<group>";
		};
		F69B131D2BDD566700EB08B2 /* lv2 */ = {
			isa = PBXGroup;
			children = (
				F69B13202BDD569A00EB08B2 /* 연속 부분 수열 합의 개수.swift */,
				F69B13212BDD569A00EB08B2 /* n진수 게임.swift */,
				F69B13222BDD56B700EB08B2 /* 두 원 사이에 정수 쌍.swift */,
			);
			path = lv2;
			sourceTree = "<group>";
		};
/* End PBXGroup section */

/* Begin PBXProject section */
		F666EB432BC7B8F2006D1D93 /* Project object */ = {
			isa = PBXProject;
			attributes = {
				BuildIndependentTargetsInParallel = 1;
				LastUpgradeCheck = 1530;
			};
			buildConfigurationList = F666EB462BC7B8F2006D1D93 /* Build configuration list for PBXProject "Algorithm" */;
			compatibilityVersion = "Xcode 14.0";
			developmentRegion = en;
			hasScannedForEncodings = 0;
			knownRegions = (
				en,
				Base,
			);
			mainGroup = F666EB422BC7B8F2006D1D93;
			projectDirPath = "";
			projectRoot = "";
			targets = (
			);
		};
/* End PBXProject section */

/* Begin XCBuildConfiguration section */
		F666EB472BC7B8F2006D1D93 /* Debug */ = {
			isa = XCBuildConfiguration;
			buildSettings = {
			};
			name = Debug;
		};
		F666EB482BC7B8F2006D1D93 /* Release */ = {
			isa = XCBuildConfiguration;
			buildSettings = {
			};
			name = Release;
		};
/* End XCBuildConfiguration section */

/* Begin XCConfigurationList section */
		F666EB462BC7B8F2006D1D93 /* Build configuration list for PBXProject "Algorithm" */ = {
			isa = XCConfigurationList;
			buildConfigurations = (
				F666EB472BC7B8F2006D1D93 /* Debug */,
				F666EB482BC7B8F2006D1D93 /* Release */,
			);
			defaultConfigurationIsVisible = 0;
			defaultConfigurationName = Release;
		};
/* End XCConfigurationList section */
	};
	rootObject = F666EB432BC7B8F2006D1D93 /* Project object */;
}
