// !$*UTF8*$!
{
	archiveVersion = 1;
	classes = {
	};
	objectVersion = 56;
	objects = {

/* Begin PBXFileReference section */
		F60D9C682BE8857700660A12 /* 트리의 지름.swift */ = {isa = PBXFileReference; lastKnownFileType = sourcecode.swift; path = "트리의 지름.swift"; sourceTree = "<group>"; };
		F620C1482BE505D300DA8221 /* 가장 많이 받은 선물.swift */ = {isa = PBXFileReference; lastKnownFileType = sourcecode.swift; path = "가장 많이 받은 선물.swift"; sourceTree = "<group>"; };
		F620C1492BE6609A00DA8221 /* 개인정보 수집 유효기간.swift */ = {isa = PBXFileReference; lastKnownFileType = sourcecode.swift; path = "개인정보 수집 유효기간.swift"; sourceTree = "<group>"; };
		F620C14A2BE728C600DA8221 /* 다음 큰 숫자.swift */ = {isa = PBXFileReference; lastKnownFileType = sourcecode.swift; path = "다음 큰 숫자.swift"; sourceTree = "<group>"; };
		F666EB492BC7B92B006D1D93 /* 겹치는선분의길이.swift */ = {isa = PBXFileReference; lastKnownFileType = sourcecode.swift; path = "겹치는선분의길이.swift"; sourceTree = "<group>"; };
		F666EB4C2BC8F47D006D1D93 /* 추억점수.swift */ = {isa = PBXFileReference; lastKnownFileType = sourcecode.swift; path = "추억점수.swift"; sourceTree = "<group>"; };
		F666EB4D2BC9A253006D1D93 /* 카드뭉치.swift */ = {isa = PBXFileReference; lastKnownFileType = sourcecode.swift; path = "카드뭉치.swift"; sourceTree = "<group>"; };
		F666EB4E2BCC3F05006D1D93 /* 옹알이.swift */ = {isa = PBXFileReference; lastKnownFileType = sourcecode.swift; path = "옹알이.swift"; sourceTree = "<group>"; };
		F666EB4F2BCD6D13006D1D93 /* 최소직사각형.swift */ = {isa = PBXFileReference; lastKnownFileType = sourcecode.swift; path = "최소직사각형.swift"; sourceTree = "<group>"; };
		F666EB502BCEC217006D1D93 /* 기사단원의 무기.swift */ = {isa = PBXFileReference; lastKnownFileType = sourcecode.swift; path = "기사단원의 무기.swift"; sourceTree = "<group>"; };
		F6713D392BFB173800B6FF41 /* 숫자 변환하기.swift */ = {isa = PBXFileReference; lastKnownFileType = sourcecode.swift; path = "숫자 변환하기.swift"; sourceTree = "<group>"; };
		F6713D3A2BFC932600B6FF41 /* 혼자서 하는 틱택토.swift */ = {isa = PBXFileReference; lastKnownFileType = sourcecode.swift; path = "혼자서 하는 틱택토.swift"; sourceTree = "<group>"; };
		F6713D3B2BFDCB7900B6FF41 /* 마법의 엘레베이터.swift */ = {isa = PBXFileReference; lastKnownFileType = sourcecode.swift; path = "마법의 엘레베이터.swift"; sourceTree = "<group>"; };
		F6736FCC2BCFCDF400675B76 /* 체육복.swift */ = {isa = PBXFileReference; lastKnownFileType = sourcecode.swift; path = "체육복.swift"; sourceTree = "<group>"; };
		F6736FCD2BD0147E00675B76 /* 3진법 뒤집기.swift */ = {isa = PBXFileReference; lastKnownFileType = sourcecode.swift; path = "3진법 뒤집기.swift"; sourceTree = "<group>"; };
		F6736FCE2BD258AA00675B76 /* 푸드파이트 대회.swift */ = {isa = PBXFileReference; lastKnownFileType = sourcecode.swift; path = "푸드파이트 대회.swift"; sourceTree = "<group>"; };
		F6736FCF2BD38B8500675B76 /* 햄버거 만들기.swift */ = {isa = PBXFileReference; lastKnownFileType = sourcecode.swift; path = "햄버거 만들기.swift"; sourceTree = "<group>"; };
		F6736FD22BD575F100675B76 /* 키패드 누르기.swift */ = {isa = PBXFileReference; lastKnownFileType = sourcecode.swift; path = "키패드 누르기.swift"; sourceTree = "<group>"; };
		F6736FD32BD63AD000675B76 /* 덧칠하기.swift */ = {isa = PBXFileReference; lastKnownFileType = sourcecode.swift; path = "덧칠하기.swift"; sourceTree = "<group>"; };
		F6736FD42BD788F200675B76 /* 둘만의 암호.swift */ = {isa = PBXFileReference; lastKnownFileType = sourcecode.swift; path = "둘만의 암호.swift"; sourceTree = "<group>"; };
		F6736FD52BD8CE3E00675B76 /* 모의고사.swift */ = {isa = PBXFileReference; lastKnownFileType = sourcecode.swift; path = "모의고사.swift"; sourceTree = "<group>"; };
		F6736FD62BD9FFEC00675B76 /* 실패율.swift */ = {isa = PBXFileReference; lastKnownFileType = sourcecode.swift; path = "실패율.swift"; sourceTree = "<group>"; };
		F6917A2B2BEA05E2004AD371 /* 로또의 최고순위와 최저순위.swift */ = {isa = PBXFileReference; lastKnownFileType = sourcecode.swift; path = "로또의 최고순위와 최저순위.swift"; sourceTree = "<group>"; };
		F6917A2C2BEBA2F5004AD371 /* 비밀 지도.swift */ = {isa = PBXFileReference; lastKnownFileType = sourcecode.swift; path = "비밀 지도.swift"; sourceTree = "<group>"; };
		F6917A2D2BECBF9C004AD371 /* 숫자 문자열과 영단어.swift */ = {isa = PBXFileReference; lastKnownFileType = sourcecode.swift; path = "숫자 문자열과 영단어.swift"; sourceTree = "<group>"; };
		F69B13202BDD569A00EB08B2 /* 연속 부분 수열 합의 개수.swift */ = {isa = PBXFileReference; lastKnownFileType = sourcecode.swift; path = "연속 부분 수열 합의 개수.swift"; sourceTree = "<group>"; };
		F69B13212BDD569A00EB08B2 /* n진수 게임.swift */ = {isa = PBXFileReference; lastKnownFileType = sourcecode.swift; path = "n진수 게임.swift"; sourceTree = "<group>"; };
		F69B13222BDD56B700EB08B2 /* 두 원 사이에 정수 쌍.swift */ = {isa = PBXFileReference; lastKnownFileType = sourcecode.swift; path = "두 원 사이에 정수 쌍.swift"; sourceTree = "<group>"; };
		F69B13232BDF348400EB08B2 /* k번째수.swift */ = {isa = PBXFileReference; lastKnownFileType = sourcecode.swift; path = "k번째수.swift"; sourceTree = "<group>"; };
		F69B13502BE0ABAC00EB08B2 /* 신고 결과 받기.swift */ = {isa = PBXFileReference; lastKnownFileType = sourcecode.swift; path = "신고 결과 받기.swift"; sourceTree = "<group>"; };
		F69B13512BE1E24E00EB08B2 /* 신규 아이디 추천.swift */ = {isa = PBXFileReference; lastKnownFileType = sourcecode.swift; path = "신규 아이디 추천.swift"; sourceTree = "<group>"; };
		F69B13532BE3879C00EB08B2 /* 네트워크.swift */ = {isa = PBXFileReference; lastKnownFileType = sourcecode.swift; path = "네트워크.swift"; sourceTree = "<group>"; };
		F6B2793C2C0B04DE0015F005 /* 숫자 카드 나누기.swift */ = {isa = PBXFileReference; lastKnownFileType = sourcecode.swift; path = "숫자 카드 나누기.swift"; sourceTree = "<group>"; };
		F6D3FFED2C0CDC9F0070A769 /* 테이블 해시 함수.swift */ = {isa = PBXFileReference; lastKnownFileType = sourcecode.swift; path = "테이블 해시 함수.swift"; sourceTree = "<group>"; };
		F6D3FFEE2C0E0AA60070A769 /* 요격 시스템.swift */ = {isa = PBXFileReference; lastKnownFileType = sourcecode.swift; path = "요격 시스템.swift"; sourceTree = "<group>"; };
		F6D3FFEF2C0EE9AE0070A769 /* 피보나치 수.swift */ = {isa = PBXFileReference; lastKnownFileType = sourcecode.swift; path = "피보나치 수.swift"; sourceTree = "<group>"; };
		F6D3FFF02C1062110070A769 /* 멀리뛰기.swift */ = {isa = PBXFileReference; lastKnownFileType = sourcecode.swift; path = "멀리뛰기.swift"; sourceTree = "<group>"; };
		F6DB41AE2C03067400292122 /* 시소 짝꿍.swift */ = {isa = PBXFileReference; lastKnownFileType = sourcecode.swift; path = "시소 짝꿍.swift"; sourceTree = "<group>"; };
		F6DB41AF2C04D75500292122 /* 큰 수 만들기.swift */ = {isa = PBXFileReference; lastKnownFileType = sourcecode.swift; path = "큰 수 만들기.swift"; sourceTree = "<group>"; };
		F6DB41B02C05FB4C00292122 /* 무인도 여행.swift */ = {isa = PBXFileReference; lastKnownFileType = sourcecode.swift; path = "무인도 여행.swift"; sourceTree = "<group>"; };
		F6DB41B12C071BA000292122 /* 귤 고르기.swift */ = {isa = PBXFileReference; lastKnownFileType = sourcecode.swift; path = "귤 고르기.swift"; sourceTree = "<group>"; };
		F6DB41B22C0889F200292122 /* 할인 행사.swift */ = {isa = PBXFileReference; lastKnownFileType = sourcecode.swift; path = "할인 행사.swift"; sourceTree = "<group>"; };
		F6DB41B32C09C0C400292122 /* 택배상자.swift */ = {isa = PBXFileReference; lastKnownFileType = sourcecode.swift; path = "택배상자.swift"; sourceTree = "<group>"; };
		F6E0CB742BFF8DE900C07145 /* 광물캐기.swift */ = {isa = PBXFileReference; lastKnownFileType = sourcecode.swift; path = "광물캐기.swift"; sourceTree = "<group>"; };
		F6E0CB752C0079AE00C07145 /* 뒤에 있는 큰 수 찾기.swift */ = {isa = PBXFileReference; lastKnownFileType = sourcecode.swift; path = "뒤에 있는 큰 수 찾기.swift"; sourceTree = "<group>"; };
		F6E0CB762C02060300C07145 /* 호텔 대실.swift */ = {isa = PBXFileReference; lastKnownFileType = sourcecode.swift; path = "호텔 대실.swift"; sourceTree = "<group>"; };
/* End PBXFileReference section */

/* Begin PBXGroup section */
		F620C14B2BE8854900DA8221 /* baekjoon */ = {
			isa = PBXGroup;
			children = (
				F60D9C682BE8857700660A12 /* 트리의 지름.swift */,
			);
			path = baekjoon;
			sourceTree = "<group>";
		};
		F666EB422BC7B8F2006D1D93 = {
			isa = PBXGroup;
			children = (
				F620C14B2BE8854900DA8221 /* baekjoon */,
				F69B13522BE3879100EB08B2 /* lv3 */,
				F69B131D2BDD566700EB08B2 /* lv2 */,
				F666EB4B2BC8F472006D1D93 /* lv1 */,
				F666EB4A2BC8F469006D1D93 /* lv0 */,
			);
			sourceTree = "<group>";
		};
		F666EB4A2BC8F469006D1D93 /* lv0 */ = {
			isa = PBXGroup;
			children = (
				F666EB492BC7B92B006D1D93 /* 겹치는선분의길이.swift */,
				F666EB4E2BCC3F05006D1D93 /* 옹알이.swift */,
			);
			path = lv0;
			sourceTree = "<group>";
		};
		F666EB4B2BC8F472006D1D93 /* lv1 */ = {
			isa = PBXGroup;
			children = (
				F6736FCC2BCFCDF400675B76 /* 체육복.swift */,
				F666EB4C2BC8F47D006D1D93 /* 추억점수.swift */,
				F666EB4D2BC9A253006D1D93 /* 카드뭉치.swift */,
				F666EB4F2BCD6D13006D1D93 /* 최소직사각형.swift */,
				F666EB502BCEC217006D1D93 /* 기사단원의 무기.swift */,
				F6736FCD2BD0147E00675B76 /* 3진법 뒤집기.swift */,
				F6736FCE2BD258AA00675B76 /* 푸드파이트 대회.swift */,
				F6736FCF2BD38B8500675B76 /* 햄버거 만들기.swift */,
				F6736FD22BD575F100675B76 /* 키패드 누르기.swift */,
				F6736FD32BD63AD000675B76 /* 덧칠하기.swift */,
				F6736FD42BD788F200675B76 /* 둘만의 암호.swift */,
				F6736FD52BD8CE3E00675B76 /* 모의고사.swift */,
				F6736FD62BD9FFEC00675B76 /* 실패율.swift */,
				F69B13232BDF348400EB08B2 /* k번째수.swift */,
				F69B13502BE0ABAC00EB08B2 /* 신고 결과 받기.swift */,
				F69B13512BE1E24E00EB08B2 /* 신규 아이디 추천.swift */,
				F620C1482BE505D300DA8221 /* 가장 많이 받은 선물.swift */,
				F620C1492BE6609A00DA8221 /* 개인정보 수집 유효기간.swift */,
				F6917A2B2BEA05E2004AD371 /* 로또의 최고순위와 최저순위.swift */,
				F6917A2C2BEBA2F5004AD371 /* 비밀 지도.swift */,
				F6917A2D2BECBF9C004AD371 /* 숫자 문자열과 영단어.swift */,
			);
			path = lv1;
			sourceTree = "<group>";
		};
		F69B131D2BDD566700EB08B2 /* lv2 */ = {
			isa = PBXGroup;
			children = (
				F69B13202BDD569A00EB08B2 /* 연속 부분 수열 합의 개수.swift */,
				F69B13212BDD569A00EB08B2 /* n진수 게임.swift */,
				F69B13222BDD56B700EB08B2 /* 두 원 사이에 정수 쌍.swift */,
				F620C14A2BE728C600DA8221 /* 다음 큰 숫자.swift */,
				F6713D392BFB173800B6FF41 /* 숫자 변환하기.swift */,
				F6713D3A2BFC932600B6FF41 /* 혼자서 하는 틱택토.swift */,
				F6713D3B2BFDCB7900B6FF41 /* 마법의 엘레베이터.swift */,
				F6E0CB742BFF8DE900C07145 /* 광물캐기.swift */,
				F6E0CB752C0079AE00C07145 /* 뒤에 있는 큰 수 찾기.swift */,
				F6E0CB762C02060300C07145 /* 호텔 대실.swift */,
				F6DB41AE2C03067400292122 /* 시소 짝꿍.swift */,
				F6DB41AF2C04D75500292122 /* 큰 수 만들기.swift */,
				F6DB41B02C05FB4C00292122 /* 무인도 여행.swift */,
				F6DB41B12C071BA000292122 /* 귤 고르기.swift */,
				F6DB41B22C0889F200292122 /* 할인 행사.swift */,
				F6DB41B32C09C0C400292122 /* 택배상자.swift */,
				F6B2793C2C0B04DE0015F005 /* 숫자 카드 나누기.swift */,
				F6D3FFED2C0CDC9F0070A769 /* 테이블 해시 함수.swift */,
				F6D3FFEE2C0E0AA60070A769 /* 요격 시스템.swift */,
				F6D3FFEF2C0EE9AE0070A769 /* 피보나치 수.swift */,
				F6D3FFF02C1062110070A769 /* 멀리뛰기.swift */,
			);
			path = lv2;
			sourceTree = "<group>";
		};
		F69B13522BE3879100EB08B2 /* lv3 */ = {
			isa = PBXGroup;
			children = (
				F69B13532BE3879C00EB08B2 /* 네트워크.swift */,
			);
			path = lv3;
			sourceTree = "<group>";
		};
/* End PBXGroup section */

/* Begin PBXProject section */
		F666EB432BC7B8F2006D1D93 /* Project object */ = {
			isa = PBXProject;
			attributes = {
				BuildIndependentTargetsInParallel = 1;
				LastUpgradeCheck = 1530;
			};
			buildConfigurationList = F666EB462BC7B8F2006D1D93 /* Build configuration list for PBXProject "Algorithm" */;
			compatibilityVersion = "Xcode 14.0";
			developmentRegion = en;
			hasScannedForEncodings = 0;
			knownRegions = (
				en,
				Base,
			);
			mainGroup = F666EB422BC7B8F2006D1D93;
			projectDirPath = "";
			projectRoot = "";
			targets = (
			);
		};
/* End PBXProject section */

/* Begin XCBuildConfiguration section */
		F666EB472BC7B8F2006D1D93 /* Debug */ = {
			isa = XCBuildConfiguration;
			buildSettings = {
			};
			name = Debug;
		};
		F666EB482BC7B8F2006D1D93 /* Release */ = {
			isa = XCBuildConfiguration;
			buildSettings = {
			};
			name = Release;
		};
/* End XCBuildConfiguration section */

/* Begin XCConfigurationList section */
		F666EB462BC7B8F2006D1D93 /* Build configuration list for PBXProject "Algorithm" */ = {
			isa = XCConfigurationList;
			buildConfigurations = (
				F666EB472BC7B8F2006D1D93 /* Debug */,
				F666EB482BC7B8F2006D1D93 /* Release */,
			);
			defaultConfigurationIsVisible = 0;
			defaultConfigurationName = Release;
		};
/* End XCConfigurationList section */
	};
	rootObject = F666EB432BC7B8F2006D1D93 /* Project object */;
}
